// !$*UTF8*$!
{
	archiveVersion = 1;
	classes = {
	};
	objectVersion = 50;
	objects = {

/* Begin PBXBuildFile section */
		186E3EBC22DD0CA9002CE6BC /* AppDelegate.swift in Sources */ = {isa = PBXBuildFile; fileRef = 186E3EBB22DD0CA9002CE6BC /* AppDelegate.swift */; };
		186E3EBE22DD0CA9002CE6BC /* ViewController.swift in Sources */ = {isa = PBXBuildFile; fileRef = 186E3EBD22DD0CA9002CE6BC /* ViewController.swift */; };
		186E3EC122DD0CA9002CE6BC /* Main.storyboard in Resources */ = {isa = PBXBuildFile; fileRef = 186E3EBF22DD0CA9002CE6BC /* Main.storyboard */; };
		186E3EC422DD0CA9002CE6BC /* viewFinder.xcdatamodeld in Sources */ = {isa = PBXBuildFile; fileRef = 186E3EC222DD0CA9002CE6BC /* viewFinder.xcdatamodeld */; };
		186E3EC622DD0CAB002CE6BC /* Assets.xcassets in Resources */ = {isa = PBXBuildFile; fileRef = 186E3EC522DD0CAB002CE6BC /* Assets.xcassets */; };
		186E3EC922DD0CAB002CE6BC /* LaunchScreen.storyboard in Resources */ = {isa = PBXBuildFile; fileRef = 186E3EC722DD0CAB002CE6BC /* LaunchScreen.storyboard */; };
/* End PBXBuildFile section */

/* Begin PBXFileReference section */
		186E3EB822DD0CA9002CE6BC /* viewFinder.app */ = {isa = PBXFileReference; explicitFileType = wrapper.application; includeInIndex = 0; path = viewFinder.app; sourceTree = BUILT_PRODUCTS_DIR; };
		186E3EBB22DD0CA9002CE6BC /* AppDelegate.swift */ = {isa = PBXFileReference; lastKnownFileType = sourcecode.swift; path = AppDelegate.swift; sourceTree = "<group>"; };
		186E3EBD22DD0CA9002CE6BC /* ViewController.swift */ = {isa = PBXFileReference; lastKnownFileType = sourcecode.swift; path = ViewController.swift; sourceTree = "<group>"; };
		186E3EC022DD0CA9002CE6BC /* Base */ = {isa = PBXFileReference; lastKnownFileType = file.storyboard; name = Base; path = Base.lproj/Main.storyboard; sourceTree = "<group>"; };
		186E3EC322DD0CA9002CE6BC /* viewFinder.xcdatamodel */ = {isa = PBXFileReference; lastKnownFileType = wrapper.xcdatamodel; path = viewFinder.xcdatamodel; sourceTree = "<group>"; };
		186E3EC522DD0CAB002CE6BC /* Assets.xcassets */ = {isa = PBXFileReference; lastKnownFileType = folder.assetcatalog; path = Assets.xcassets; sourceTree = "<group>"; };
		186E3EC822DD0CAB002CE6BC /* Base */ = {isa = PBXFileReference; lastKnownFileType = file.storyboard; name = Base; path = Base.lproj/LaunchScreen.storyboard; sourceTree = "<group>"; };
		186E3ECA22DD0CAB002CE6BC /* Info.plist */ = {isa = PBXFileReference; lastKnownFileType = text.plist.xml; path = Info.plist; sourceTree = "<group>"; };
/* End PBXFileReference section */

/* Begin PBXFrameworksBuildPhase section */
		186E3EB522DD0CA9002CE6BC /* Frameworks */ = {
			isa = PBXFrameworksBuildPhase;
			buildActionMask = 2147483647;
			files = (
			);
			runOnlyForDeploymentPostprocessing = 0;
		};
/* End PBXFrameworksBuildPhase section */

/* Begin PBXGroup section */
		186E3EAF22DD0CA9002CE6BC = {
			isa = PBXGroup;
			children = (
				186E3EBA22DD0CA9002CE6BC /* viewFinder */,
				186E3EB922DD0CA9002CE6BC /* Products */,
			);
			sourceTree = "<group>";
		};
		186E3EB922DD0CA9002CE6BC /* Products */ = {
			isa = PBXGroup;
			children = (
				186E3EB822DD0CA9002CE6BC /* viewFinder.app */,
			);
			name = Products;
			sourceTree = "<group>";
		};
		186E3EBA22DD0CA9002CE6BC /* viewFinder */ = {
			isa = PBXGroup;
			children = (
				186E3EBB22DD0CA9002CE6BC /* AppDelegate.swift */,
				186E3EBD22DD0CA9002CE6BC /* ViewController.swift */,
				186E3EBF22DD0CA9002CE6BC /* Main.storyboard */,
				186E3EC522DD0CAB002CE6BC /* Assets.xcassets */,
				186E3EC722DD0CAB002CE6BC /* LaunchScreen.storyboard */,
				186E3ECA22DD0CAB002CE6BC /* Info.plist */,
				186E3EC222DD0CA9002CE6BC /* viewFinder.xcdatamodeld */,
			);
			path = viewFinder;
			sourceTree = "<group>";
		};
/* End PBXGroup section */

/* Begin PBXNativeTarget section */
		186E3EB722DD0CA9002CE6BC /* viewFinder */ = {
			isa = PBXNativeTarget;
			buildConfigurationList = 186E3ECD22DD0CAB002CE6BC /* Build configuration list for PBXNativeTarget "viewFinder" */;
			buildPhases = (
				186E3EB422DD0CA9002CE6BC /* Sources */,
				186E3EB522DD0CA9002CE6BC /* Frameworks */,
				186E3EB622DD0CA9002CE6BC /* Resources */,
			);
			buildRules = (
			);
			dependencies = (
			);
			name = viewFinder;
			productName = viewFinder;
			productReference = 186E3EB822DD0CA9002CE6BC /* viewFinder.app */;
			productType = "com.apple.product-type.application";
		};
/* End PBXNativeTarget section */

/* Begin PBXProject section */
		186E3EB022DD0CA9002CE6BC /* Project object */ = {
			isa = PBXProject;
			attributes = {
				LastSwiftUpdateCheck = 1020;
				LastUpgradeCheck = 1020;
				ORGANIZATIONNAME = Apple;
				TargetAttributes = {
					186E3EB722DD0CA9002CE6BC = {
						CreatedOnToolsVersion = 10.2.1;
					};
				};
			};
			buildConfigurationList = 186E3EB322DD0CA9002CE6BC /* Build configuration list for PBXProject "viewFinder" */;
			compatibilityVersion = "Xcode 9.3";
			developmentRegion = en;
			hasScannedForEncodings = 0;
			knownRegions = (
				en,
				Base,
			);
			mainGroup = 186E3EAF22DD0CA9002CE6BC;
			productRefGroup = 186E3EB922DD0CA9002CE6BC /* Products */;
			projectDirPath = "";
			projectRoot = "";
			targets = (
				186E3EB722DD0CA9002CE6BC /* viewFinder */,
			);
		};
/* End PBXProject section */

/* Begin PBXResourcesBuildPhase section */
		186E3EB622DD0CA9002CE6BC /* Resources */ = {
			isa = PBXResourcesBuildPhase;
			buildActionMask = 2147483647;
			files = (
				186E3EC922DD0CAB002CE6BC /* LaunchScreen.storyboard in Resources */,
				186E3EC622DD0CAB002CE6BC /* Assets.xcassets in Resources */,
				186E3EC122DD0CA9002CE6BC /* Main.storyboard in Resources */,
			);
			runOnlyForDeploymentPostprocessing = 0;
		};
/* End PBXResourcesBuildPhase section */

/* Begin PBXSourcesBuildPhase section */
		186E3EB422DD0CA9002CE6BC /* Sources */ = {
			isa = PBXSourcesBuildPhase;
			buildActionMask = 2147483647;
			files = (
				186E3EBE22DD0CA9002CE6BC /* ViewController.swift in Sources */,
				186E3EC422DD0CA9002CE6BC /* viewFinder.xcdatamodeld in Sources */,
				186E3EBC22DD0CA9002CE6BC /* AppDelegate.swift in Sources */,
			);
			runOnlyForDeploymentPostprocessing = 0;
		};
/* End PBXSourcesBuildPhase section */

/* Begin PBXVariantGroup section */
		186E3EBF22DD0CA9002CE6BC /* Main.storyboard */ = {
			isa = PBXVariantGroup;
			children = (
				186E3EC022DD0CA9002CE6BC /* Base */,
			);
			name = Main.storyboard;
			sourceTree = "<group>";
		};
		186E3EC722DD0CAB002CE6BC /* LaunchScreen.storyboard */ = {
			isa = PBXVariantGroup;
			children = (
				186E3EC822DD0CAB002CE6BC /* Base */,
			);
			name = LaunchScreen.storyboard;
			sourceTree = "<group>";
		};
/* End PBXVariantGroup section */

/* Begin XCBuildConfiguration section */
		186E3ECB22DD0CAB002CE6BC /* Debug */ = {
			isa = XCBuildConfiguration;
			buildSettings = {
				ALWAYS_SEARCH_USER_PATHS = NO;
				CLANG_ANALYZER_NONNULL = YES;
				CLANG_ANALYZER_NUMBER_OBJECT_CONVERSION = YES_AGGRESSIVE;
				CLANG_CXX_LANGUAGE_STANDARD = "gnu++14";
				CLANG_CXX_LIBRARY = "libc++";
				CLANG_ENABLE_MODULES = YES;
				CLANG_ENABLE_OBJC_ARC = YES;
				CLANG_ENABLE_OBJC_WEAK = YES;
				CLANG_WARN_BLOCK_CAPTURE_AUTORELEASING = YES;
				CLANG_WARN_BOOL_CONVERSION = YES;
				CLANG_WARN_COMMA = YES;
				CLANG_WARN_CONSTANT_CONVERSION = YES;
				CLANG_WARN_DEPRECATED_OBJC_IMPLEMENTATIONS = YES;
				CLANG_WARN_DIRECT_OBJC_ISA_USAGE = YES_ERROR;
				CLANG_WARN_DOCUMENTATION_COMMENTS = YES;
				CLANG_WARN_EMPTY_BODY = YES;
				CLANG_WARN_ENUM_CONVERSION = YES;
				CLANG_WARN_INFINITE_RECURSION = YES;
				CLANG_WARN_INT_CONVERSION = YES;
				CLANG_WARN_NON_LITERAL_NULL_CONVERSION = YES;
				CLANG_WARN_OBJC_IMPLICIT_RETAIN_SELF = YES;
				CLANG_WARN_OBJC_LITERAL_CONVERSION = YES;
				CLANG_WARN_OBJC_ROOT_CLASS = YES_ERROR;
				CLANG_WARN_RANGE_LOOP_ANALYSIS = YES;
				CLANG_WARN_STRICT_PROTOTYPES = YES;
				CLANG_WARN_SUSPICIOUS_MOVE = YES;
				CLANG_WARN_UNGUARDED_AVAILABILITY = YES_AGGRESSIVE;
				CLANG_WARN_UNREACHABLE_CODE = YES;
				CLANG_WARN__DUPLICATE_METHOD_MATCH = YES;
				CODE_SIGN_IDENTITY = "iPhone Developer";
				COPY_PHASE_STRIP = NO;
				DEBUG_INFORMATION_FORMAT = dwarf;
				ENABLE_STRICT_OBJC_MSGSEND = YES;
				ENABLE_TESTABILITY = YES;
				GCC_C_LANGUAGE_STANDARD = gnu11;
				GCC_DYNAMIC_NO_PIC = NO;
				GCC_NO_COMMON_BLOCKS = YES;
				GCC_OPTIMIZATION_LEVEL = 0;
				GCC_PREPROCESSOR_DEFINITIONS = (
					"DEBUG=1",
					"$(inherited)",
				);
				GCC_WARN_64_TO_32_BIT_CONVERSION = YES;
				GCC_WARN_ABOUT_RETURN_TYPE = YES_ERROR;
				GCC_WARN_UNDECLARED_SELECTOR = YES;
				GCC_WARN_UNINITIALIZED_AUTOS = YES_AGGRESSIVE;
				GCC_WARN_UNUSED_FUNCTION = YES;
				GCC_WARN_UNUSED_VARIABLE = YES;
				IPHONEOS_DEPLOYMENT_TARGET = 12.2;
				MTL_ENABLE_DEBUG_INFO = INCLUDE_SOURCE;
				MTL_FAST_MATH = YES;
				ONLY_ACTIVE_ARCH = YES;
				SDKROOT = iphoneos;
				SWIFT_ACTIVE_COMPILATION_CONDITIONS = DEBUG;
				SWIFT_OPTIMIZATION_LEVEL = "-Onone";
			};
			name = Debug;
		};
		186E3ECC22DD0CAB002CE6BC /* Release */ = {
			isa = XCBuildConfiguration;
			buildSettings = {
				ALWAYS_SEARCH_USER_PATHS = NO;
				CLANG_ANALYZER_NONNULL = YES;
				CLANG_ANALYZER_NUMBER_OBJECT_CONVERSION = YES_AGGRESSIVE;
				CLANG_CXX_LANGUAGE_STANDARD = "gnu++14";
				CLANG_CXX_LIBRARY = "libc++";
				CLANG_ENABLE_MODULES = YES;
				CLANG_ENABLE_OBJC_ARC = YES;
				CLANG_ENABLE_OBJC_WEAK = YES;
				CLANG_WARN_BLOCK_CAPTURE_AUTORELEASING = YES;
				CLANG_WARN_BOOL_CONVERSION = YES;
				CLANG_WARN_COMMA = YES;
				CLANG_WARN_CONSTANT_CONVERSION = YES;
				CLANG_WARN_DEPRECATED_OBJC_IMPLEMENTATIONS = YES;
				CLANG_WARN_DIRECT_OBJC_ISA_USAGE = YES_ERROR;
				CLANG_WARN_DOCUMENTATION_COMMENTS = YES;
				CLANG_WARN_EMPTY_BODY = YES;
				CLANG_WARN_ENUM_CONVERSION = YES;
				CLANG_WARN_INFINITE_RECURSION = YES;
				CLANG_WARN_INT_CONVERSION = YES;
				CLANG_WARN_NON_LITERAL_NULL_CONVERSION = YES;
				CLANG_WARN_OBJC_IMPLICIT_RETAIN_SELF = YES;
				CLANG_WARN_OBJC_LITERAL_CONVERSION = YES;
				CLANG_WARN_OBJC_ROOT_CLASS = YES_ERROR;
				CLANG_WARN_RANGE_LOOP_ANALYSIS = YES;
				CLANG_WARN_STRICT_PROTOTYPES = YES;
				CLANG_WARN_SUSPICIOUS_MOVE = YES;
				CLANG_WARN_UNGUARDED_AVAILABILITY = YES_AGGRESSIVE;
				CLANG_WARN_UNREACHABLE_CODE = YES;
				CLANG_WARN__DUPLICATE_METHOD_MATCH = YES;
				CODE_SIGN_IDENTITY = "iPhone Developer";
				COPY_PHASE_STRIP = NO;
				DEBUG_INFORMATION_FORMAT = "dwarf-with-dsym";
				ENABLE_NS_ASSERTIONS = NO;
				ENABLE_STRICT_OBJC_MSGSEND = YES;
				GCC_C_LANGUAGE_STANDARD = gnu11;
				GCC_NO_COMMON_BLOCKS = YES;
				GCC_WARN_64_TO_32_BIT_CONVERSION = YES;
				GCC_WARN_ABOUT_RETURN_TYPE = YES_ERROR;
				GCC_WARN_UNDECLARED_SELECTOR = YES;
				GCC_WARN_UNINITIALIZED_AUTOS = YES_AGGRESSIVE;
				GCC_WARN_UNUSED_FUNCTION = YES;
				GCC_WARN_UNUSED_VARIABLE = YES;
				IPHONEOS_DEPLOYMENT_TARGET = 12.2;
				MTL_ENABLE_DEBUG_INFO = NO;
				MTL_FAST_MATH = YES;
				SDKROOT = iphoneos;
				SWIFT_COMPILATION_MODE = wholemodule;
				SWIFT_OPTIMIZATION_LEVEL = "-O";
				VALIDATE_PRODUCT = YES;
			};
			name = Release;
		};
		186E3ECE22DD0CAB002CE6BC /* Debug */ = {
			isa = XCBuildConfiguration;
			buildSettings = {
				ASSETCATALOG_COMPILER_APPICON_NAME = AppIcon;
				CODE_SIGN_STYLE = Automatic;
				DEVELOPMENT_TEAM = L22H9AWNA8;
				INFOPLIST_FILE = viewFinder/Info.plist;
				LD_RUNPATH_SEARCH_PATHS = (
					"$(inherited)",
					"@executable_path/Frameworks",
				);
				PRODUCT_BUNDLE_IDENTIFIER = KWK.viewFinder;
				PRODUCT_NAME = "$(TARGET_NAME)";
				SWIFT_VERSION = 5.0;
				TARGETED_DEVICE_FAMILY = "1,2";
			};
			name = Debug;
		};
		186E3ECF22DD0CAB002CE6BC /* Release */ = {
			isa = XCBuildConfiguration;
			buildSettings = {
				ASSETCATALOG_COMPILER_APPICON_NAME = AppIcon;
				CODE_SIGN_STYLE = Automatic;
				DEVELOPMENT_TEAM = L22H9AWNA8;
				INFOPLIST_FILE = viewFinder/Info.plist;
				LD_RUNPATH_SEARCH_PATHS = (
					"$(inherited)",
					"@executable_path/Frameworks",
				);
				PRODUCT_BUNDLE_IDENTIFIER = KWK.viewFinder;
				PRODUCT_NAME = "$(TARGET_NAME)";
				SWIFT_VERSION = 5.0;
				TARGETED_DEVICE_FAMILY = "1,2";
			};
			name = Release;
		};
/* End XCBuildConfiguration section */

/* Begin XCConfigurationList section */
		186E3EB322DD0CA9002CE6BC /* Build configuration list for PBXProject "viewFinder" */ = {
			isa = XCConfigurationList;
			buildConfigurations = (
				186E3ECB22DD0CAB002CE6BC /* Debug */,
				186E3ECC22DD0CAB002CE6BC /* Release */,
			);
			defaultConfigurationIsVisible = 0;
			defaultConfigurationName = Release;
		};
		186E3ECD22DD0CAB002CE6BC /* Build configuration list for PBXNativeTarget "viewFinder" */ = {
			isa = XCConfigurationList;
			buildConfigurations = (
				186E3ECE22DD0CAB002CE6BC /* Debug */,
				186E3ECF22DD0CAB002CE6BC /* Release */,
			);
			defaultConfigurationIsVisible = 0;
			defaultConfigurationName = Release;
		};
/* End XCConfigurationList section */

/* Begin XCVersionGroup section */
		186E3EC222DD0CA9002CE6BC /* viewFinder.xcdatamodeld */ = {
			isa = XCVersionGroup;
			children = (
				186E3EC322DD0CA9002CE6BC /* viewFinder.xcdatamodel */,
			);
			currentVersion = 186E3EC322DD0CA9002CE6BC /* viewFinder.xcdatamodel */;
			path = viewFinder.xcdatamodeld;
			sourceTree = "<group>";
			versionGroupType = wrapper.xcdatamodel;
		};
/* End XCVersionGroup section */
	};
	rootObject = 186E3EB022DD0CA9002CE6BC /* Project object */;
}
